
Microsoft Visual Studio Solution File, Format Version 12.00
# Visual Studio 2012
Project("{FAE04EC0-301F-11D3-BF4B-00C04F79EFBC}") = "FieldServiceRecord", "FieldServiceRecord\FieldServiceRecord.csproj", "{0E894BF6-DFBB-4D23-9C37-8A4F7F4418A6}"
EndProject
Project("{FAE04EC0-301F-11D3-BF4B-00C04F79EFBC}") = "FieldServiceRecord.iOS", "iOS\FieldServiceRecord.iOS.csproj", "{B39AD204-4A6D-4D28-857A-DFB42087DF73}"
EndProject
Project("{FAE04EC0-301F-11D3-BF4B-00C04F79EFBC}") = "FieldServiceRecord.Droid", "Droid\FieldServiceRecord.Droid.csproj", "{6572CE8F-CE55-4147-8703-C36816CA4EFA}"
EndProject
Project("{FAE04EC0-301F-11D3-BF4B-00C04F79EFBC}") = "FieldServiceRecord.UITests", "UITests\FieldServiceRecord.UITests.csproj", "{222CC31B-0456-4234-9B35-E40389252E50}"
EndProject
Global
	GlobalSection(SolutionConfigurationPlatforms) = preSolution
		Debug|Any CPU = Debug|Any CPU
		Release|Any CPU = Release|Any CPU
		Debug|iPhoneSimulator = Debug|iPhoneSimulator
		Release|iPhone = Release|iPhone
		Release|iPhoneSimulator = Release|iPhoneSimulator
		Debug|iPhone = Debug|iPhone
	EndGlobalSection
	GlobalSection(ProjectConfigurationPlatforms) = postSolution
		{0E894BF6-DFBB-4D23-9C37-8A4F7F4418A6}.Debug|Any CPU.ActiveCfg = Debug|Any CPU
		{0E894BF6-DFBB-4D23-9C37-8A4F7F4418A6}.Debug|Any CPU.Build.0 = Debug|Any CPU
		{0E894BF6-DFBB-4D23-9C37-8A4F7F4418A6}.Release|Any CPU.ActiveCfg = Release|Any CPU
		{0E894BF6-DFBB-4D23-9C37-8A4F7F4418A6}.Release|Any CPU.Build.0 = Release|Any CPU
		{0E894BF6-DFBB-4D23-9C37-8A4F7F4418A6}.Debug|iPhoneSimulator.ActiveCfg = Debug|Any CPU
		{0E894BF6-DFBB-4D23-9C37-8A4F7F4418A6}.Debug|iPhoneSimulator.Build.0 = Debug|Any CPU
		{0E894BF6-DFBB-4D23-9C37-8A4F7F4418A6}.Release|iPhone.ActiveCfg = Release|Any CPU
		{0E894BF6-DFBB-4D23-9C37-8A4F7F4418A6}.Release|iPhone.Build.0 = Release|Any CPU
		{0E894BF6-DFBB-4D23-9C37-8A4F7F4418A6}.Release|iPhoneSimulator.ActiveCfg = Release|Any CPU
		{0E894BF6-DFBB-4D23-9C37-8A4F7F4418A6}.Release|iPhoneSimulator.Build.0 = Release|Any CPU
		{0E894BF6-DFBB-4D23-9C37-8A4F7F4418A6}.Debug|iPhone.ActiveCfg = Debug|Any CPU
		{0E894BF6-DFBB-4D23-9C37-8A4F7F4418A6}.Debug|iPhone.Build.0 = Debug|Any CPU
		{B39AD204-4A6D-4D28-857A-DFB42087DF73}.Debug|Any CPU.ActiveCfg = Debug|iPhoneSimulator
		{B39AD204-4A6D-4D28-857A-DFB42087DF73}.Debug|Any CPU.Build.0 = Debug|iPhoneSimulator
		{B39AD204-4A6D-4D28-857A-DFB42087DF73}.Release|Any CPU.ActiveCfg = Release|iPhone
		{B39AD204-4A6D-4D28-857A-DFB42087DF73}.Release|Any CPU.Build.0 = Release|iPhone
		{B39AD204-4A6D-4D28-857A-DFB42087DF73}.Debug|iPhoneSimulator.ActiveCfg = Debug|iPhoneSimulator
		{B39AD204-4A6D-4D28-857A-DFB42087DF73}.Debug|iPhoneSimulator.Build.0 = Debug|iPhoneSimulator
		{B39AD204-4A6D-4D28-857A-DFB42087DF73}.Release|iPhone.ActiveCfg = Release|iPhone
		{B39AD204-4A6D-4D28-857A-DFB42087DF73}.Release|iPhone.Build.0 = Release|iPhone
		{B39AD204-4A6D-4D28-857A-DFB42087DF73}.Release|iPhoneSimulator.ActiveCfg = Release|iPhoneSimulator
		{B39AD204-4A6D-4D28-857A-DFB42087DF73}.Release|iPhoneSimulator.Build.0 = Release|iPhoneSimulator
		{B39AD204-4A6D-4D28-857A-DFB42087DF73}.Debug|iPhone.ActiveCfg = Debug|iPhone
		{B39AD204-4A6D-4D28-857A-DFB42087DF73}.Debug|iPhone.Build.0 = Debug|iPhone
		{6572CE8F-CE55-4147-8703-C36816CA4EFA}.Debug|Any CPU.ActiveCfg = Debug|Any CPU
		{6572CE8F-CE55-4147-8703-C36816CA4EFA}.Debug|Any CPU.Build.0 = Debug|Any CPU
		{6572CE8F-CE55-4147-8703-C36816CA4EFA}.Release|Any CPU.ActiveCfg = Release|Any CPU
		{6572CE8F-CE55-4147-8703-C36816CA4EFA}.Release|Any CPU.Build.0 = Release|Any CPU
		{6572CE8F-CE55-4147-8703-C36816CA4EFA}.Debug|iPhoneSimulator.ActiveCfg = Debug|Any CPU
		{6572CE8F-CE55-4147-8703-C36816CA4EFA}.Debug|iPhoneSimulator.Build.0 = Debug|Any CPU
		{6572CE8F-CE55-4147-8703-C36816CA4EFA}.Release|iPhone.ActiveCfg = Release|Any CPU
		{6572CE8F-CE55-4147-8703-C36816CA4EFA}.Release|iPhone.Build.0 = Release|Any CPU
		{6572CE8F-CE55-4147-8703-C36816CA4EFA}.Release|iPhoneSimulator.ActiveCfg = Release|Any CPU
		{6572CE8F-CE55-4147-8703-C36816CA4EFA}.Release|iPhoneSimulator.Build.0 = Release|Any CPU
		{6572CE8F-CE55-4147-8703-C36816CA4EFA}.Debug|iPhone.ActiveCfg = Debug|Any CPU
		{6572CE8F-CE55-4147-8703-C36816CA4EFA}.Debug|iPhone.Build.0 = Debug|Any CPU
		{222CC31B-0456-4234-9B35-E40389252E50}.Debug|Any CPU.ActiveCfg = Debug|Any CPU
		{222CC31B-0456-4234-9B35-E40389252E50}.Debug|Any CPU.Build.0 = Debug|Any CPU
		{222CC31B-0456-4234-9B35-E40389252E50}.Release|Any CPU.ActiveCfg = Release|Any CPU
		{222CC31B-0456-4234-9B35-E40389252E50}.Release|Any CPU.Build.0 = Release|Any CPU
		{222CC31B-0456-4234-9B35-E40389252E50}.Debug|iPhoneSimulator.ActiveCfg = Debug|Any CPU
		{222CC31B-0456-4234-9B35-E40389252E50}.Debug|iPhoneSimulator.Build.0 = Debug|Any CPU
		{222CC31B-0456-4234-9B35-E40389252E50}.Release|iPhone.ActiveCfg = Release|Any CPU
		{222CC31B-0456-4234-9B35-E40389252E50}.Release|iPhone.Build.0 = Release|Any CPU
		{222CC31B-0456-4234-9B35-E40389252E50}.Release|iPhoneSimulator.ActiveCfg = Release|Any CPU
		{222CC31B-0456-4234-9B35-E40389252E50}.Release|iPhoneSimulator.Build.0 = Release|Any CPU
		{222CC31B-0456-4234-9B35-E40389252E50}.Debug|iPhone.ActiveCfg = Debug|Any CPU
		{222CC31B-0456-4234-9B35-E40389252E50}.Debug|iPhone.Build.0 = Debug|Any CPU
	EndGlobalSection
EndGlobal
